
Microsoft Visual Studio Solution File, Format Version 12.00
# Visual Studio Version 16
VisualStudioVersion = 16.0.29230.47
MinimumVisualStudioVersion = 10.0.40219.1
Project("{8BC9CEB8-8B4A-11D0-8D11-00A0C91BC942}") = "Project_3_3", "Project_3_3\Project_3_3.vcxproj", "{E34EA657-A653-42F2-B5A4-D5D4F905101F}"
EndProject
Global
	GlobalSection(SolutionConfigurationPlatforms) = preSolution
		Debug|x64 = Debug|x64
		Debug|x86 = Debug|x86
		Release|x64 = Release|x64
		Release|x86 = Release|x86
	EndGlobalSection
	GlobalSection(ProjectConfigurationPlatforms) = postSolution
		{E34EA657-A653-42F2-B5A4-D5D4F905101F}.Debug|x64.ActiveCfg = Debug|x64
		{E34EA657-A653-42F2-B5A4-D5D4F905101F}.Debug|x64.Build.0 = Debug|x64
		{E34EA657-A653-42F2-B5A4-D5D4F905101F}.Debug|x86.ActiveCfg = Debug|Win32
		{E34EA657-A653-42F2-B5A4-D5D4F905101F}.Debug|x86.Build.0 = Debug|Win32
		{E34EA657-A653-42F2-B5A4-D5D4F905101F}.Release|x64.ActiveCfg = Release|x64
		{E34EA657-A653-42F2-B5A4-D5D4F905101F}.Release|x64.Build.0 = Release|x64
		{E34EA657-A653-42F2-B5A4-D5D4F905101F}.Release|x86.ActiveCfg = Release|Win32
		{E34EA657-A653-42F2-B5A4-D5D4F905101F}.Release|x86.Build.0 = Release|Win32
	EndGlobalSection
	GlobalSection(SolutionProperties) = preSolution
		HideSolutionNode = FALSE
	EndGlobalSection
	GlobalSection(ExtensibilityGlobals) = postSolution
		SolutionGuid = {8921462D-5A75-4699-987C-C60F49B353CD}
	EndGlobalSection
EndGlobal
