
Microsoft Visual Studio Solution File, Format Version 12.00
# Visual Studio Version 16
VisualStudioVersion = 16.0.29306.81
MinimumVisualStudioVersion = 10.0.40219.1
Project("{8BC9CEB8-8B4A-11D0-8D11-00A0C91BC942}") = "function", "function\function.vcxproj", "{ABD5D293-ECD5-42CC-9153-1380DD1FAF06}"
EndProject
Global
	GlobalSection(SolutionConfigurationPlatforms) = preSolution
		Debug|x64 = Debug|x64
		Debug|x86 = Debug|x86
		Release|x64 = Release|x64
		Release|x86 = Release|x86
	EndGlobalSection
	GlobalSection(ProjectConfigurationPlatforms) = postSolution
		{ABD5D293-ECD5-42CC-9153-1380DD1FAF06}.Debug|x64.ActiveCfg = Debug|x64
		{ABD5D293-ECD5-42CC-9153-1380DD1FAF06}.Debug|x64.Build.0 = Debug|x64
		{ABD5D293-ECD5-42CC-9153-1380DD1FAF06}.Debug|x86.ActiveCfg = Debug|Win32
		{ABD5D293-ECD5-42CC-9153-1380DD1FAF06}.Debug|x86.Build.0 = Debug|Win32
		{ABD5D293-ECD5-42CC-9153-1380DD1FAF06}.Release|x64.ActiveCfg = Release|x64
		{ABD5D293-ECD5-42CC-9153-1380DD1FAF06}.Release|x64.Build.0 = Release|x64
		{ABD5D293-ECD5-42CC-9153-1380DD1FAF06}.Release|x86.ActiveCfg = Release|Win32
		{ABD5D293-ECD5-42CC-9153-1380DD1FAF06}.Release|x86.Build.0 = Release|Win32
	EndGlobalSection
	GlobalSection(SolutionProperties) = preSolution
		HideSolutionNode = FALSE
	EndGlobalSection
	GlobalSection(ExtensibilityGlobals) = postSolution
		SolutionGuid = {811184B2-5E9F-4774-97AC-965E0CF95A5B}
	EndGlobalSection
EndGlobal
