
Microsoft Visual Studio Solution File, Format Version 12.00
# Visual Studio Version 16
VisualStudioVersion = 16.0.30413.136
MinimumVisualStudioVersion = 10.0.40219.1
Project("{8BC9CEB8-8B4A-11D0-8D11-00A0C91BC942}") = "Pr1-Task1", "Pr1-Task1\Pr1-Task1.vcxproj", "{82C3F73F-6D60-46E5-B57A-EBD909B0A484}"
EndProject
Project("{8BC9CEB8-8B4A-11D0-8D11-00A0C91BC942}") = "Pr1-Task2", "Pr1-Task2\Pr1-Task2.vcxproj", "{6F00F374-4305-42BF-BFC0-B59EE8806ABC}"
EndProject
Project("{8BC9CEB8-8B4A-11D0-8D11-00A0C91BC942}") = "Pr1-Task3", "Pr1-Task3\Pr1-Task3.vcxproj", "{A9B85597-2C97-42F4-B231-AADD366315B1}"
EndProject
Project("{8BC9CEB8-8B4A-11D0-8D11-00A0C91BC942}") = "Pr3-Task1", "Pr3-Task1\Pr3-Task1.vcxproj", "{39CD27DD-65D7-4E61-8D86-A3E88AB4E0EA}"
EndProject
Project("{8BC9CEB8-8B4A-11D0-8D11-00A0C91BC942}") = "Pr2-Task1", "Pr2-Task1\Pr2-Task1.vcxproj", "{B8468C81-AC63-4A70-90C5-576D20295412}"
EndProject
Project("{8BC9CEB8-8B4A-11D0-8D11-00A0C91BC942}") = "Pr4-Task1", "Pr4-Task1\Pr4-Task1.vcxproj", "{EED2A264-DA57-4201-9E8E-7BAF77F8E4D7}"
EndProject
Project("{8BC9CEB8-8B4A-11D0-8D11-00A0C91BC942}") = "Pr4-Task2", "Pr4-Task2\Pr4-Task2.vcxproj", "{C9DAB0E4-D4F3-4CB8-9537-339DB5A27003}"
EndProject
Project("{8BC9CEB8-8B4A-11D0-8D11-00A0C91BC942}") = "Test", "Test\Test.vcxproj", "{B6F706C3-D6B3-4E16-A7CA-5D4A824E5B80}"
EndProject
Project("{8BC9CEB8-8B4A-11D0-8D11-00A0C91BC942}") = "Pr4-Task3", "Pr4-Task3\Pr4-Task3.vcxproj", "{E3F015F5-C74A-4B08-BBD6-1D6E5FCEC6C3}"
EndProject
Project("{8BC9CEB8-8B4A-11D0-8D11-00A0C91BC942}") = "PrintTree", "PrintTree\PrintTree.vcxproj", "{E9DE5774-8607-4C9A-BEFE-08DCE2ACD953}"
EndProject
Project("{8BC9CEB8-8B4A-11D0-8D11-00A0C91BC942}") = "Pr5-Task1", "Pr5-Task1\Pr5-Task1.vcxproj", "{C4F1045B-60E2-4DB3-B5DE-76F766C005D3}"
EndProject
Global
	GlobalSection(SolutionConfigurationPlatforms) = preSolution
		Debug|x64 = Debug|x64
		Debug|x86 = Debug|x86
		Release|x64 = Release|x64
		Release|x86 = Release|x86
	EndGlobalSection
	GlobalSection(ProjectConfigurationPlatforms) = postSolution
		{82C3F73F-6D60-46E5-B57A-EBD909B0A484}.Debug|x64.ActiveCfg = Debug|x64
		{82C3F73F-6D60-46E5-B57A-EBD909B0A484}.Debug|x64.Build.0 = Debug|x64
		{82C3F73F-6D60-46E5-B57A-EBD909B0A484}.Debug|x86.ActiveCfg = Debug|Win32
		{82C3F73F-6D60-46E5-B57A-EBD909B0A484}.Debug|x86.Build.0 = Debug|Win32
		{82C3F73F-6D60-46E5-B57A-EBD909B0A484}.Release|x64.ActiveCfg = Release|x64
		{82C3F73F-6D60-46E5-B57A-EBD909B0A484}.Release|x64.Build.0 = Release|x64
		{82C3F73F-6D60-46E5-B57A-EBD909B0A484}.Release|x86.ActiveCfg = Release|Win32
		{82C3F73F-6D60-46E5-B57A-EBD909B0A484}.Release|x86.Build.0 = Release|Win32
		{6F00F374-4305-42BF-BFC0-B59EE8806ABC}.Debug|x64.ActiveCfg = Debug|x64
		{6F00F374-4305-42BF-BFC0-B59EE8806ABC}.Debug|x64.Build.0 = Debug|x64
		{6F00F374-4305-42BF-BFC0-B59EE8806ABC}.Debug|x86.ActiveCfg = Debug|Win32
		{6F00F374-4305-42BF-BFC0-B59EE8806ABC}.Debug|x86.Build.0 = Debug|Win32
		{6F00F374-4305-42BF-BFC0-B59EE8806ABC}.Release|x64.ActiveCfg = Release|x64
		{6F00F374-4305-42BF-BFC0-B59EE8806ABC}.Release|x64.Build.0 = Release|x64
		{6F00F374-4305-42BF-BFC0-B59EE8806ABC}.Release|x86.ActiveCfg = Release|Win32
		{6F00F374-4305-42BF-BFC0-B59EE8806ABC}.Release|x86.Build.0 = Release|Win32
		{A9B85597-2C97-42F4-B231-AADD366315B1}.Debug|x64.ActiveCfg = Debug|x64
		{A9B85597-2C97-42F4-B231-AADD366315B1}.Debug|x64.Build.0 = Debug|x64
		{A9B85597-2C97-42F4-B231-AADD366315B1}.Debug|x86.ActiveCfg = Debug|Win32
		{A9B85597-2C97-42F4-B231-AADD366315B1}.Debug|x86.Build.0 = Debug|Win32
		{A9B85597-2C97-42F4-B231-AADD366315B1}.Release|x64.ActiveCfg = Release|x64
		{A9B85597-2C97-42F4-B231-AADD366315B1}.Release|x64.Build.0 = Release|x64
		{A9B85597-2C97-42F4-B231-AADD366315B1}.Release|x86.ActiveCfg = Release|Win32
		{A9B85597-2C97-42F4-B231-AADD366315B1}.Release|x86.Build.0 = Release|Win32
		{39CD27DD-65D7-4E61-8D86-A3E88AB4E0EA}.Debug|x64.ActiveCfg = Debug|x64
		{39CD27DD-65D7-4E61-8D86-A3E88AB4E0EA}.Debug|x64.Build.0 = Debug|x64
		{39CD27DD-65D7-4E61-8D86-A3E88AB4E0EA}.Debug|x86.ActiveCfg = Debug|Win32
		{39CD27DD-65D7-4E61-8D86-A3E88AB4E0EA}.Debug|x86.Build.0 = Debug|Win32
		{39CD27DD-65D7-4E61-8D86-A3E88AB4E0EA}.Release|x64.ActiveCfg = Release|x64
		{39CD27DD-65D7-4E61-8D86-A3E88AB4E0EA}.Release|x64.Build.0 = Release|x64
		{39CD27DD-65D7-4E61-8D86-A3E88AB4E0EA}.Release|x86.ActiveCfg = Release|Win32
		{39CD27DD-65D7-4E61-8D86-A3E88AB4E0EA}.Release|x86.Build.0 = Release|Win32
		{B8468C81-AC63-4A70-90C5-576D20295412}.Debug|x64.ActiveCfg = Debug|x64
		{B8468C81-AC63-4A70-90C5-576D20295412}.Debug|x64.Build.0 = Debug|x64
		{B8468C81-AC63-4A70-90C5-576D20295412}.Debug|x86.ActiveCfg = Debug|Win32
		{B8468C81-AC63-4A70-90C5-576D20295412}.Debug|x86.Build.0 = Debug|Win32
		{B8468C81-AC63-4A70-90C5-576D20295412}.Release|x64.ActiveCfg = Release|x64
		{B8468C81-AC63-4A70-90C5-576D20295412}.Release|x64.Build.0 = Release|x64
		{B8468C81-AC63-4A70-90C5-576D20295412}.Release|x86.ActiveCfg = Release|Win32
		{B8468C81-AC63-4A70-90C5-576D20295412}.Release|x86.Build.0 = Release|Win32
		{EED2A264-DA57-4201-9E8E-7BAF77F8E4D7}.Debug|x64.ActiveCfg = Debug|x64
		{EED2A264-DA57-4201-9E8E-7BAF77F8E4D7}.Debug|x64.Build.0 = Debug|x64
		{EED2A264-DA57-4201-9E8E-7BAF77F8E4D7}.Debug|x86.ActiveCfg = Debug|Win32
		{EED2A264-DA57-4201-9E8E-7BAF77F8E4D7}.Debug|x86.Build.0 = Debug|Win32
		{EED2A264-DA57-4201-9E8E-7BAF77F8E4D7}.Release|x64.ActiveCfg = Release|x64
		{EED2A264-DA57-4201-9E8E-7BAF77F8E4D7}.Release|x64.Build.0 = Release|x64
		{EED2A264-DA57-4201-9E8E-7BAF77F8E4D7}.Release|x86.ActiveCfg = Release|Win32
		{EED2A264-DA57-4201-9E8E-7BAF77F8E4D7}.Release|x86.Build.0 = Release|Win32
		{C9DAB0E4-D4F3-4CB8-9537-339DB5A27003}.Debug|x64.ActiveCfg = Debug|x64
		{C9DAB0E4-D4F3-4CB8-9537-339DB5A27003}.Debug|x64.Build.0 = Debug|x64
		{C9DAB0E4-D4F3-4CB8-9537-339DB5A27003}.Debug|x86.ActiveCfg = Debug|Win32
		{C9DAB0E4-D4F3-4CB8-9537-339DB5A27003}.Debug|x86.Build.0 = Debug|Win32
		{C9DAB0E4-D4F3-4CB8-9537-339DB5A27003}.Release|x64.ActiveCfg = Release|x64
		{C9DAB0E4-D4F3-4CB8-9537-339DB5A27003}.Release|x64.Build.0 = Release|x64
		{C9DAB0E4-D4F3-4CB8-9537-339DB5A27003}.Release|x86.ActiveCfg = Release|Win32
		{C9DAB0E4-D4F3-4CB8-9537-339DB5A27003}.Release|x86.Build.0 = Release|Win32
		{B6F706C3-D6B3-4E16-A7CA-5D4A824E5B80}.Debug|x64.ActiveCfg = Debug|x64
		{B6F706C3-D6B3-4E16-A7CA-5D4A824E5B80}.Debug|x64.Build.0 = Debug|x64
		{B6F706C3-D6B3-4E16-A7CA-5D4A824E5B80}.Debug|x86.ActiveCfg = Debug|Win32
		{B6F706C3-D6B3-4E16-A7CA-5D4A824E5B80}.Debug|x86.Build.0 = Debug|Win32
		{B6F706C3-D6B3-4E16-A7CA-5D4A824E5B80}.Release|x64.ActiveCfg = Release|x64
		{B6F706C3-D6B3-4E16-A7CA-5D4A824E5B80}.Release|x64.Build.0 = Release|x64
		{B6F706C3-D6B3-4E16-A7CA-5D4A824E5B80}.Release|x86.ActiveCfg = Release|Win32
		{B6F706C3-D6B3-4E16-A7CA-5D4A824E5B80}.Release|x86.Build.0 = Release|Win32
		{E3F015F5-C74A-4B08-BBD6-1D6E5FCEC6C3}.Debug|x64.ActiveCfg = Debug|x64
		{E3F015F5-C74A-4B08-BBD6-1D6E5FCEC6C3}.Debug|x64.Build.0 = Debug|x64
		{E3F015F5-C74A-4B08-BBD6-1D6E5FCEC6C3}.Debug|x86.ActiveCfg = Debug|Win32
		{E3F015F5-C74A-4B08-BBD6-1D6E5FCEC6C3}.Debug|x86.Build.0 = Debug|Win32
		{E3F015F5-C74A-4B08-BBD6-1D6E5FCEC6C3}.Release|x64.ActiveCfg = Release|x64
		{E3F015F5-C74A-4B08-BBD6-1D6E5FCEC6C3}.Release|x64.Build.0 = Release|x64
		{E3F015F5-C74A-4B08-BBD6-1D6E5FCEC6C3}.Release|x86.ActiveCfg = Release|Win32
		{E3F015F5-C74A-4B08-BBD6-1D6E5FCEC6C3}.Release|x86.Build.0 = Release|Win32
		{E9DE5774-8607-4C9A-BEFE-08DCE2ACD953}.Debug|x64.ActiveCfg = Debug|x64
		{E9DE5774-8607-4C9A-BEFE-08DCE2ACD953}.Debug|x64.Build.0 = Debug|x64
		{E9DE5774-8607-4C9A-BEFE-08DCE2ACD953}.Debug|x86.ActiveCfg = Debug|Win32
		{E9DE5774-8607-4C9A-BEFE-08DCE2ACD953}.Debug|x86.Build.0 = Debug|Win32
		{E9DE5774-8607-4C9A-BEFE-08DCE2ACD953}.Release|x64.ActiveCfg = Release|x64
		{E9DE5774-8607-4C9A-BEFE-08DCE2ACD953}.Release|x64.Build.0 = Release|x64
		{E9DE5774-8607-4C9A-BEFE-08DCE2ACD953}.Release|x86.ActiveCfg = Release|Win32
		{E9DE5774-8607-4C9A-BEFE-08DCE2ACD953}.Release|x86.Build.0 = Release|Win32
		{C4F1045B-60E2-4DB3-B5DE-76F766C005D3}.Debug|x64.ActiveCfg = Debug|x64
		{C4F1045B-60E2-4DB3-B5DE-76F766C005D3}.Debug|x64.Build.0 = Debug|x64
		{C4F1045B-60E2-4DB3-B5DE-76F766C005D3}.Debug|x86.ActiveCfg = Debug|Win32
		{C4F1045B-60E2-4DB3-B5DE-76F766C005D3}.Debug|x86.Build.0 = Debug|Win32
		{C4F1045B-60E2-4DB3-B5DE-76F766C005D3}.Release|x64.ActiveCfg = Release|x64
		{C4F1045B-60E2-4DB3-B5DE-76F766C005D3}.Release|x64.Build.0 = Release|x64
		{C4F1045B-60E2-4DB3-B5DE-76F766C005D3}.Release|x86.ActiveCfg = Release|Win32
		{C4F1045B-60E2-4DB3-B5DE-76F766C005D3}.Release|x86.Build.0 = Release|Win32
	EndGlobalSection
	GlobalSection(SolutionProperties) = preSolution
		HideSolutionNode = FALSE
	EndGlobalSection
	GlobalSection(ExtensibilityGlobals) = postSolution
		SolutionGuid = {A70213B5-F800-45F5-8111-1A8DBDDC9711}
	EndGlobalSection
EndGlobal
