
Microsoft Visual Studio Solution File, Format Version 12.00
# Visual Studio Version 16
VisualStudioVersion = 16.0.29411.108
MinimumVisualStudioVersion = 10.0.40219.1
Project("{8BC9CEB8-8B4A-11D0-8D11-00A0C91BC942}") = "TestPro5", "TestPro5\TestPro5.vcxproj", "{7619306D-2DA1-4BCC-A0A7-FAA57E06AA41}"
EndProject
Global
	GlobalSection(SolutionConfigurationPlatforms) = preSolution
		Debug|x64 = Debug|x64
		Debug|x86 = Debug|x86
		Release|x64 = Release|x64
		Release|x86 = Release|x86
	EndGlobalSection
	GlobalSection(ProjectConfigurationPlatforms) = postSolution
		{7619306D-2DA1-4BCC-A0A7-FAA57E06AA41}.Debug|x64.ActiveCfg = Debug|x64
		{7619306D-2DA1-4BCC-A0A7-FAA57E06AA41}.Debug|x64.Build.0 = Debug|x64
		{7619306D-2DA1-4BCC-A0A7-FAA57E06AA41}.Debug|x86.ActiveCfg = Debug|Win32
		{7619306D-2DA1-4BCC-A0A7-FAA57E06AA41}.Debug|x86.Build.0 = Debug|Win32
		{7619306D-2DA1-4BCC-A0A7-FAA57E06AA41}.Release|x64.ActiveCfg = Release|x64
		{7619306D-2DA1-4BCC-A0A7-FAA57E06AA41}.Release|x64.Build.0 = Release|x64
		{7619306D-2DA1-4BCC-A0A7-FAA57E06AA41}.Release|x86.ActiveCfg = Release|Win32
		{7619306D-2DA1-4BCC-A0A7-FAA57E06AA41}.Release|x86.Build.0 = Release|Win32
	EndGlobalSection
	GlobalSection(SolutionProperties) = preSolution
		HideSolutionNode = FALSE
	EndGlobalSection
	GlobalSection(ExtensibilityGlobals) = postSolution
		SolutionGuid = {8B24EF13-C46B-49FC-9044-175D8CAA6B7A}
	EndGlobalSection
EndGlobal
