
Microsoft Visual Studio Solution File, Format Version 12.00
# Visual Studio Version 16
VisualStudioVersion = 16.0.29728.190
MinimumVisualStudioVersion = 10.0.40219.1
Project("{8BC9CEB8-8B4A-11D0-8D11-00A0C91BC942}") = "Bai 1_1_2", "Bai 1_1_2\Bai 1_1_2.vcxproj", "{4418093A-9C2F-4056-AF30-F3183B8C2E31}"
EndProject
Project("{8BC9CEB8-8B4A-11D0-8D11-00A0C91BC942}") = "Bai 1_1_3", "Bai 1_1_3\Bai 1_1_3.vcxproj", "{5E380475-F08C-4AB7-BB0B-E8A8C58770D6}"
EndProject
Project("{8BC9CEB8-8B4A-11D0-8D11-00A0C91BC942}") = "Bai 1_1_4", "Bai 1_1_4\Bai 1_1_4.vcxproj", "{EEF152E6-67B6-469E-AAFB-2F2C785171A0}"
EndProject
Project("{8BC9CEB8-8B4A-11D0-8D11-00A0C91BC942}") = "Bai 1_2_1", "Bai 1_2_1\Bai 1_2_1.vcxproj", "{8534CB9F-2B16-4BD8-9A3C-D10C61897A3E}"
EndProject
Project("{8BC9CEB8-8B4A-11D0-8D11-00A0C91BC942}") = "Bai 1_2_2", "Bai 1_2_2\Bai 1_2_2.vcxproj", "{C0F7C789-0E02-4685-9FF7-1601FD6E27C3}"
EndProject
Project("{8BC9CEB8-8B4A-11D0-8D11-00A0C91BC942}") = "Bai 1_2_3", "Bai 1_2_3\Bai 1_2_3.vcxproj", "{1F7ACB53-3E52-4DD1-A8C9-844EC1382A8B}"
EndProject
Project("{8BC9CEB8-8B4A-11D0-8D11-00A0C91BC942}") = "Bai 1_1_5", "Bai 1_1_5\Bai 1_1_5.vcxproj", "{8F71C9D9-6CE0-41D5-BC2C-108FBDF4FF09}"
EndProject
Project("{8BC9CEB8-8B4A-11D0-8D11-00A0C91BC942}") = "Bai 1_2_4", "Bai 1_2_4\Bai 1_2_4.vcxproj", "{CEF5A2BD-4C54-46C2-929D-3070A5B1661E}"
EndProject
Project("{8BC9CEB8-8B4A-11D0-8D11-00A0C91BC942}") = "Bai 1_2_5", "Bai 1_2_5\Bai 1_2_5.vcxproj", "{7AF06527-DE63-4E88-BA9A-54B2AFA09CF4}"
EndProject
Project("{8BC9CEB8-8B4A-11D0-8D11-00A0C91BC942}") = "Bai 3_2_15_1", "Bai 3_2_15_1\Bai 3_2_15_1.vcxproj", "{CB6C8A8A-F25C-497A-BAAF-0D9CD87802F7}"
EndProject
Project("{8BC9CEB8-8B4A-11D0-8D11-00A0C91BC942}") = "Bai 3_2_17_1", "Bai 3_2_17_1\Bai 3_2_17_1.vcxproj", "{C1EFB4D9-BEAA-42B6-86A5-27D602A4A887}"
EndProject
Project("{8BC9CEB8-8B4A-11D0-8D11-00A0C91BC942}") = "Bai 3_2_5_1", "Bai 3_2_5_1\Bai 3_2_5_1.vcxproj", "{19D4DF30-E868-42D9-9D9C-66ABCA70F4A7}"
EndProject
Project("{8BC9CEB8-8B4A-11D0-8D11-00A0C91BC942}") = "Bai 3_2_9_1", "Bai 3_2_9_1\Bai 3_2_9_1.vcxproj", "{5EE49193-B9C7-46FC-B3E0-876E5A8BEDAD}"
EndProject
Project("{8BC9CEB8-8B4A-11D0-8D11-00A0C91BC942}") = "Bai 4_1_1", "Nhap\Nhap.vcxproj", "{758AFEED-539D-43CD-8A94-AA4D6DE16C37}"
EndProject
Project("{8BC9CEB8-8B4A-11D0-8D11-00A0C91BC942}") = "Bai 4_3_1", "Bai 4_3_1\Bai 4_3_1.vcxproj", "{3008FFF9-95CC-422D-B818-61EB5B471AB6}"
EndProject
Project("{8BC9CEB8-8B4A-11D0-8D11-00A0C91BC942}") = "Lab 1", "Lab 1\Lab 1.vcxproj", "{3C06ED19-7338-40FF-ACBE-F0C0BD349142}"
EndProject
Project("{8BC9CEB8-8B4A-11D0-8D11-00A0C91BC942}") = "Lab 2", "Lab 2\Lab 2.vcxproj", "{007548F0-3D1E-4360-BFF7-15E44EB14B16}"
EndProject
Project("{8BC9CEB8-8B4A-11D0-8D11-00A0C91BC942}") = "Bai 4_1_2", "4_1_2\4_1_2.vcxproj", "{FE4A108D-B1E4-4CE5-B023-7B431D940323}"
EndProject
Project("{8BC9CEB8-8B4A-11D0-8D11-00A0C91BC942}") = "Bai 4_2_1", "Bai 4_2_1\Bai 4_2_1.vcxproj", "{2446CCF4-934F-4227-A748-FB7F8F4B2607}"
EndProject
Project("{8BC9CEB8-8B4A-11D0-8D11-00A0C91BC942}") = "Lab 3", "lab 3\lab 3.vcxproj", "{91F96BEB-6BB0-4961-9D9C-D4D080A1546A}"
EndProject
Project("{8BC9CEB8-8B4A-11D0-8D11-00A0C91BC942}") = "Bai 4_4_1", "Bai 4_4_1\Bai 4_4_1.vcxproj", "{67123397-D2D8-4248-BECD-B73C03062092}"
EndProject
Project("{8BC9CEB8-8B4A-11D0-8D11-00A0C91BC942}") = "CloneProject", "CloneProject\CloneProject.vcxproj", "{8B3D971B-E8B4-4430-A0D4-7FCB165A14DD}"
EndProject
Project("{8BC9CEB8-8B4A-11D0-8D11-00A0C91BC942}") = "Temp", "Temp\Temp.vcxproj", "{E2F03CC3-5EF8-4F22-BB84-134E397B45AA}"
EndProject
Project("{8BC9CEB8-8B4A-11D0-8D11-00A0C91BC942}") = "Lab 4", "Lab 4\Lab 4.vcxproj", "{955AA1BA-BAA8-4FC5-A034-CA9CC50435EA}"
EndProject
Project("{8BC9CEB8-8B4A-11D0-8D11-00A0C91BC942}") = "LabCheck", "LabCheck\LabCheck.vcxproj", "{2E4091B0-7A09-43E4-9217-705D250C358F}"
EndProject
Project("{8BC9CEB8-8B4A-11D0-8D11-00A0C91BC942}") = "TempLab", "TempLab\TempLab.vcxproj", "{DB4F8862-B1AD-41E8-84DD-26D676789114}"
EndProject
Project("{8BC9CEB8-8B4A-11D0-8D11-00A0C91BC942}") = "Kur", "Kur\Kur.vcxproj", "{EE8FA63B-3E04-4A0C-8DB7-E4D7041AA663}"
EndProject
Project("{8BC9CEB8-8B4A-11D0-8D11-00A0C91BC942}") = "Kur Temp", "Kur Temp\Kur Temp.vcxproj", "{37ACFF11-0E20-4ADE-8A09-0EDE49D4F1A1}"
EndProject
Project("{8BC9CEB8-8B4A-11D0-8D11-00A0C91BC942}") = "lab3-4", "lab3-4\lab3-4.vcxproj", "{10ED66B3-9C7D-453C-8324-8C6BA8528883}"
EndProject
Project("{8BC9CEB8-8B4A-11D0-8D11-00A0C91BC942}") = "testtt", "testtt\testtt.vcxproj", "{A5048B86-DBB3-4286-B078-0D2265EDEB1A}"
EndProject
Global
	GlobalSection(SolutionConfigurationPlatforms) = preSolution
		Debug|x64 = Debug|x64
		Debug|x86 = Debug|x86
		Release|x64 = Release|x64
		Release|x86 = Release|x86
	EndGlobalSection
	GlobalSection(ProjectConfigurationPlatforms) = postSolution
		{4418093A-9C2F-4056-AF30-F3183B8C2E31}.Debug|x64.ActiveCfg = Debug|x64
		{4418093A-9C2F-4056-AF30-F3183B8C2E31}.Debug|x64.Build.0 = Debug|x64
		{4418093A-9C2F-4056-AF30-F3183B8C2E31}.Debug|x86.ActiveCfg = Debug|Win32
		{4418093A-9C2F-4056-AF30-F3183B8C2E31}.Debug|x86.Build.0 = Debug|Win32
		{4418093A-9C2F-4056-AF30-F3183B8C2E31}.Release|x64.ActiveCfg = Release|x64
		{4418093A-9C2F-4056-AF30-F3183B8C2E31}.Release|x64.Build.0 = Release|x64
		{4418093A-9C2F-4056-AF30-F3183B8C2E31}.Release|x86.ActiveCfg = Release|Win32
		{4418093A-9C2F-4056-AF30-F3183B8C2E31}.Release|x86.Build.0 = Release|Win32
		{5E380475-F08C-4AB7-BB0B-E8A8C58770D6}.Debug|x64.ActiveCfg = Debug|x64
		{5E380475-F08C-4AB7-BB0B-E8A8C58770D6}.Debug|x64.Build.0 = Debug|x64
		{5E380475-F08C-4AB7-BB0B-E8A8C58770D6}.Debug|x86.ActiveCfg = Debug|Win32
		{5E380475-F08C-4AB7-BB0B-E8A8C58770D6}.Debug|x86.Build.0 = Debug|Win32
		{5E380475-F08C-4AB7-BB0B-E8A8C58770D6}.Release|x64.ActiveCfg = Release|x64
		{5E380475-F08C-4AB7-BB0B-E8A8C58770D6}.Release|x64.Build.0 = Release|x64
		{5E380475-F08C-4AB7-BB0B-E8A8C58770D6}.Release|x86.ActiveCfg = Release|Win32
		{5E380475-F08C-4AB7-BB0B-E8A8C58770D6}.Release|x86.Build.0 = Release|Win32
		{EEF152E6-67B6-469E-AAFB-2F2C785171A0}.Debug|x64.ActiveCfg = Debug|x64
		{EEF152E6-67B6-469E-AAFB-2F2C785171A0}.Debug|x64.Build.0 = Debug|x64
		{EEF152E6-67B6-469E-AAFB-2F2C785171A0}.Debug|x86.ActiveCfg = Debug|Win32
		{EEF152E6-67B6-469E-AAFB-2F2C785171A0}.Debug|x86.Build.0 = Debug|Win32
		{EEF152E6-67B6-469E-AAFB-2F2C785171A0}.Release|x64.ActiveCfg = Release|x64
		{EEF152E6-67B6-469E-AAFB-2F2C785171A0}.Release|x64.Build.0 = Release|x64
		{EEF152E6-67B6-469E-AAFB-2F2C785171A0}.Release|x86.ActiveCfg = Release|Win32
		{EEF152E6-67B6-469E-AAFB-2F2C785171A0}.Release|x86.Build.0 = Release|Win32
		{8534CB9F-2B16-4BD8-9A3C-D10C61897A3E}.Debug|x64.ActiveCfg = Debug|x64
		{8534CB9F-2B16-4BD8-9A3C-D10C61897A3E}.Debug|x64.Build.0 = Debug|x64
		{8534CB9F-2B16-4BD8-9A3C-D10C61897A3E}.Debug|x86.ActiveCfg = Debug|Win32
		{8534CB9F-2B16-4BD8-9A3C-D10C61897A3E}.Debug|x86.Build.0 = Debug|Win32
		{8534CB9F-2B16-4BD8-9A3C-D10C61897A3E}.Release|x64.ActiveCfg = Release|x64
		{8534CB9F-2B16-4BD8-9A3C-D10C61897A3E}.Release|x64.Build.0 = Release|x64
		{8534CB9F-2B16-4BD8-9A3C-D10C61897A3E}.Release|x86.ActiveCfg = Release|Win32
		{8534CB9F-2B16-4BD8-9A3C-D10C61897A3E}.Release|x86.Build.0 = Release|Win32
		{C0F7C789-0E02-4685-9FF7-1601FD6E27C3}.Debug|x64.ActiveCfg = Debug|x64
		{C0F7C789-0E02-4685-9FF7-1601FD6E27C3}.Debug|x64.Build.0 = Debug|x64
		{C0F7C789-0E02-4685-9FF7-1601FD6E27C3}.Debug|x86.ActiveCfg = Debug|Win32
		{C0F7C789-0E02-4685-9FF7-1601FD6E27C3}.Debug|x86.Build.0 = Debug|Win32
		{C0F7C789-0E02-4685-9FF7-1601FD6E27C3}.Release|x64.ActiveCfg = Release|x64
		{C0F7C789-0E02-4685-9FF7-1601FD6E27C3}.Release|x64.Build.0 = Release|x64
		{C0F7C789-0E02-4685-9FF7-1601FD6E27C3}.Release|x86.ActiveCfg = Release|Win32
		{C0F7C789-0E02-4685-9FF7-1601FD6E27C3}.Release|x86.Build.0 = Release|Win32
		{1F7ACB53-3E52-4DD1-A8C9-844EC1382A8B}.Debug|x64.ActiveCfg = Debug|x64
		{1F7ACB53-3E52-4DD1-A8C9-844EC1382A8B}.Debug|x64.Build.0 = Debug|x64
		{1F7ACB53-3E52-4DD1-A8C9-844EC1382A8B}.Debug|x86.ActiveCfg = Debug|Win32
		{1F7ACB53-3E52-4DD1-A8C9-844EC1382A8B}.Debug|x86.Build.0 = Debug|Win32
		{1F7ACB53-3E52-4DD1-A8C9-844EC1382A8B}.Release|x64.ActiveCfg = Release|x64
		{1F7ACB53-3E52-4DD1-A8C9-844EC1382A8B}.Release|x64.Build.0 = Release|x64
		{1F7ACB53-3E52-4DD1-A8C9-844EC1382A8B}.Release|x86.ActiveCfg = Release|Win32
		{1F7ACB53-3E52-4DD1-A8C9-844EC1382A8B}.Release|x86.Build.0 = Release|Win32
		{8F71C9D9-6CE0-41D5-BC2C-108FBDF4FF09}.Debug|x64.ActiveCfg = Debug|x64
		{8F71C9D9-6CE0-41D5-BC2C-108FBDF4FF09}.Debug|x64.Build.0 = Debug|x64
		{8F71C9D9-6CE0-41D5-BC2C-108FBDF4FF09}.Debug|x86.ActiveCfg = Debug|Win32
		{8F71C9D9-6CE0-41D5-BC2C-108FBDF4FF09}.Debug|x86.Build.0 = Debug|Win32
		{8F71C9D9-6CE0-41D5-BC2C-108FBDF4FF09}.Release|x64.ActiveCfg = Release|x64
		{8F71C9D9-6CE0-41D5-BC2C-108FBDF4FF09}.Release|x64.Build.0 = Release|x64
		{8F71C9D9-6CE0-41D5-BC2C-108FBDF4FF09}.Release|x86.ActiveCfg = Release|Win32
		{8F71C9D9-6CE0-41D5-BC2C-108FBDF4FF09}.Release|x86.Build.0 = Release|Win32
		{CEF5A2BD-4C54-46C2-929D-3070A5B1661E}.Debug|x64.ActiveCfg = Debug|x64
		{CEF5A2BD-4C54-46C2-929D-3070A5B1661E}.Debug|x64.Build.0 = Debug|x64
		{CEF5A2BD-4C54-46C2-929D-3070A5B1661E}.Debug|x86.ActiveCfg = Debug|Win32
		{CEF5A2BD-4C54-46C2-929D-3070A5B1661E}.Debug|x86.Build.0 = Debug|Win32
		{CEF5A2BD-4C54-46C2-929D-3070A5B1661E}.Release|x64.ActiveCfg = Release|x64
		{CEF5A2BD-4C54-46C2-929D-3070A5B1661E}.Release|x64.Build.0 = Release|x64
		{CEF5A2BD-4C54-46C2-929D-3070A5B1661E}.Release|x86.ActiveCfg = Release|Win32
		{CEF5A2BD-4C54-46C2-929D-3070A5B1661E}.Release|x86.Build.0 = Release|Win32
		{7AF06527-DE63-4E88-BA9A-54B2AFA09CF4}.Debug|x64.ActiveCfg = Debug|x64
		{7AF06527-DE63-4E88-BA9A-54B2AFA09CF4}.Debug|x64.Build.0 = Debug|x64
		{7AF06527-DE63-4E88-BA9A-54B2AFA09CF4}.Debug|x86.ActiveCfg = Debug|Win32
		{7AF06527-DE63-4E88-BA9A-54B2AFA09CF4}.Debug|x86.Build.0 = Debug|Win32
		{7AF06527-DE63-4E88-BA9A-54B2AFA09CF4}.Release|x64.ActiveCfg = Release|x64
		{7AF06527-DE63-4E88-BA9A-54B2AFA09CF4}.Release|x64.Build.0 = Release|x64
		{7AF06527-DE63-4E88-BA9A-54B2AFA09CF4}.Release|x86.ActiveCfg = Release|Win32
		{7AF06527-DE63-4E88-BA9A-54B2AFA09CF4}.Release|x86.Build.0 = Release|Win32
		{CB6C8A8A-F25C-497A-BAAF-0D9CD87802F7}.Debug|x64.ActiveCfg = Debug|x64
		{CB6C8A8A-F25C-497A-BAAF-0D9CD87802F7}.Debug|x64.Build.0 = Debug|x64
		{CB6C8A8A-F25C-497A-BAAF-0D9CD87802F7}.Debug|x86.ActiveCfg = Debug|Win32
		{CB6C8A8A-F25C-497A-BAAF-0D9CD87802F7}.Debug|x86.Build.0 = Debug|Win32
		{CB6C8A8A-F25C-497A-BAAF-0D9CD87802F7}.Release|x64.ActiveCfg = Release|x64
		{CB6C8A8A-F25C-497A-BAAF-0D9CD87802F7}.Release|x64.Build.0 = Release|x64
		{CB6C8A8A-F25C-497A-BAAF-0D9CD87802F7}.Release|x86.ActiveCfg = Release|Win32
		{CB6C8A8A-F25C-497A-BAAF-0D9CD87802F7}.Release|x86.Build.0 = Release|Win32
		{C1EFB4D9-BEAA-42B6-86A5-27D602A4A887}.Debug|x64.ActiveCfg = Debug|x64
		{C1EFB4D9-BEAA-42B6-86A5-27D602A4A887}.Debug|x64.Build.0 = Debug|x64
		{C1EFB4D9-BEAA-42B6-86A5-27D602A4A887}.Debug|x86.ActiveCfg = Debug|Win32
		{C1EFB4D9-BEAA-42B6-86A5-27D602A4A887}.Debug|x86.Build.0 = Debug|Win32
		{C1EFB4D9-BEAA-42B6-86A5-27D602A4A887}.Release|x64.ActiveCfg = Release|x64
		{C1EFB4D9-BEAA-42B6-86A5-27D602A4A887}.Release|x64.Build.0 = Release|x64
		{C1EFB4D9-BEAA-42B6-86A5-27D602A4A887}.Release|x86.ActiveCfg = Release|Win32
		{C1EFB4D9-BEAA-42B6-86A5-27D602A4A887}.Release|x86.Build.0 = Release|Win32
		{19D4DF30-E868-42D9-9D9C-66ABCA70F4A7}.Debug|x64.ActiveCfg = Debug|x64
		{19D4DF30-E868-42D9-9D9C-66ABCA70F4A7}.Debug|x64.Build.0 = Debug|x64
		{19D4DF30-E868-42D9-9D9C-66ABCA70F4A7}.Debug|x86.ActiveCfg = Debug|Win32
		{19D4DF30-E868-42D9-9D9C-66ABCA70F4A7}.Debug|x86.Build.0 = Debug|Win32
		{19D4DF30-E868-42D9-9D9C-66ABCA70F4A7}.Release|x64.ActiveCfg = Release|x64
		{19D4DF30-E868-42D9-9D9C-66ABCA70F4A7}.Release|x64.Build.0 = Release|x64
		{19D4DF30-E868-42D9-9D9C-66ABCA70F4A7}.Release|x86.ActiveCfg = Release|Win32
		{19D4DF30-E868-42D9-9D9C-66ABCA70F4A7}.Release|x86.Build.0 = Release|Win32
		{5EE49193-B9C7-46FC-B3E0-876E5A8BEDAD}.Debug|x64.ActiveCfg = Debug|x64
		{5EE49193-B9C7-46FC-B3E0-876E5A8BEDAD}.Debug|x64.Build.0 = Debug|x64
		{5EE49193-B9C7-46FC-B3E0-876E5A8BEDAD}.Debug|x86.ActiveCfg = Debug|Win32
		{5EE49193-B9C7-46FC-B3E0-876E5A8BEDAD}.Debug|x86.Build.0 = Debug|Win32
		{5EE49193-B9C7-46FC-B3E0-876E5A8BEDAD}.Release|x64.ActiveCfg = Release|x64
		{5EE49193-B9C7-46FC-B3E0-876E5A8BEDAD}.Release|x64.Build.0 = Release|x64
		{5EE49193-B9C7-46FC-B3E0-876E5A8BEDAD}.Release|x86.ActiveCfg = Release|Win32
		{5EE49193-B9C7-46FC-B3E0-876E5A8BEDAD}.Release|x86.Build.0 = Release|Win32
		{758AFEED-539D-43CD-8A94-AA4D6DE16C37}.Debug|x64.ActiveCfg = Debug|x64
		{758AFEED-539D-43CD-8A94-AA4D6DE16C37}.Debug|x64.Build.0 = Debug|x64
		{758AFEED-539D-43CD-8A94-AA4D6DE16C37}.Debug|x86.ActiveCfg = Debug|Win32
		{758AFEED-539D-43CD-8A94-AA4D6DE16C37}.Debug|x86.Build.0 = Debug|Win32
		{758AFEED-539D-43CD-8A94-AA4D6DE16C37}.Release|x64.ActiveCfg = Release|x64
		{758AFEED-539D-43CD-8A94-AA4D6DE16C37}.Release|x64.Build.0 = Release|x64
		{758AFEED-539D-43CD-8A94-AA4D6DE16C37}.Release|x86.ActiveCfg = Release|Win32
		{758AFEED-539D-43CD-8A94-AA4D6DE16C37}.Release|x86.Build.0 = Release|Win32
		{3008FFF9-95CC-422D-B818-61EB5B471AB6}.Debug|x64.ActiveCfg = Debug|x64
		{3008FFF9-95CC-422D-B818-61EB5B471AB6}.Debug|x64.Build.0 = Debug|x64
		{3008FFF9-95CC-422D-B818-61EB5B471AB6}.Debug|x86.ActiveCfg = Debug|Win32
		{3008FFF9-95CC-422D-B818-61EB5B471AB6}.Debug|x86.Build.0 = Debug|Win32
		{3008FFF9-95CC-422D-B818-61EB5B471AB6}.Release|x64.ActiveCfg = Release|x64
		{3008FFF9-95CC-422D-B818-61EB5B471AB6}.Release|x64.Build.0 = Release|x64
		{3008FFF9-95CC-422D-B818-61EB5B471AB6}.Release|x86.ActiveCfg = Release|Win32
		{3008FFF9-95CC-422D-B818-61EB5B471AB6}.Release|x86.Build.0 = Release|Win32
		{3C06ED19-7338-40FF-ACBE-F0C0BD349142}.Debug|x64.ActiveCfg = Debug|x64
		{3C06ED19-7338-40FF-ACBE-F0C0BD349142}.Debug|x64.Build.0 = Debug|x64
		{3C06ED19-7338-40FF-ACBE-F0C0BD349142}.Debug|x86.ActiveCfg = Debug|Win32
		{3C06ED19-7338-40FF-ACBE-F0C0BD349142}.Debug|x86.Build.0 = Debug|Win32
		{3C06ED19-7338-40FF-ACBE-F0C0BD349142}.Release|x64.ActiveCfg = Release|x64
		{3C06ED19-7338-40FF-ACBE-F0C0BD349142}.Release|x64.Build.0 = Release|x64
		{3C06ED19-7338-40FF-ACBE-F0C0BD349142}.Release|x86.ActiveCfg = Release|Win32
		{3C06ED19-7338-40FF-ACBE-F0C0BD349142}.Release|x86.Build.0 = Release|Win32
		{007548F0-3D1E-4360-BFF7-15E44EB14B16}.Debug|x64.ActiveCfg = Debug|x64
		{007548F0-3D1E-4360-BFF7-15E44EB14B16}.Debug|x64.Build.0 = Debug|x64
		{007548F0-3D1E-4360-BFF7-15E44EB14B16}.Debug|x86.ActiveCfg = Debug|Win32
		{007548F0-3D1E-4360-BFF7-15E44EB14B16}.Debug|x86.Build.0 = Debug|Win32
		{007548F0-3D1E-4360-BFF7-15E44EB14B16}.Release|x64.ActiveCfg = Release|x64
		{007548F0-3D1E-4360-BFF7-15E44EB14B16}.Release|x64.Build.0 = Release|x64
		{007548F0-3D1E-4360-BFF7-15E44EB14B16}.Release|x86.ActiveCfg = Release|Win32
		{007548F0-3D1E-4360-BFF7-15E44EB14B16}.Release|x86.Build.0 = Release|Win32
		{FE4A108D-B1E4-4CE5-B023-7B431D940323}.Debug|x64.ActiveCfg = Debug|x64
		{FE4A108D-B1E4-4CE5-B023-7B431D940323}.Debug|x64.Build.0 = Debug|x64
		{FE4A108D-B1E4-4CE5-B023-7B431D940323}.Debug|x86.ActiveCfg = Debug|Win32
		{FE4A108D-B1E4-4CE5-B023-7B431D940323}.Debug|x86.Build.0 = Debug|Win32
		{FE4A108D-B1E4-4CE5-B023-7B431D940323}.Release|x64.ActiveCfg = Release|x64
		{FE4A108D-B1E4-4CE5-B023-7B431D940323}.Release|x64.Build.0 = Release|x64
		{FE4A108D-B1E4-4CE5-B023-7B431D940323}.Release|x86.ActiveCfg = Release|Win32
		{FE4A108D-B1E4-4CE5-B023-7B431D940323}.Release|x86.Build.0 = Release|Win32
		{2446CCF4-934F-4227-A748-FB7F8F4B2607}.Debug|x64.ActiveCfg = Debug|x64
		{2446CCF4-934F-4227-A748-FB7F8F4B2607}.Debug|x64.Build.0 = Debug|x64
		{2446CCF4-934F-4227-A748-FB7F8F4B2607}.Debug|x86.ActiveCfg = Debug|Win32
		{2446CCF4-934F-4227-A748-FB7F8F4B2607}.Debug|x86.Build.0 = Debug|Win32
		{2446CCF4-934F-4227-A748-FB7F8F4B2607}.Release|x64.ActiveCfg = Release|x64
		{2446CCF4-934F-4227-A748-FB7F8F4B2607}.Release|x64.Build.0 = Release|x64
		{2446CCF4-934F-4227-A748-FB7F8F4B2607}.Release|x86.ActiveCfg = Release|Win32
		{2446CCF4-934F-4227-A748-FB7F8F4B2607}.Release|x86.Build.0 = Release|Win32
		{91F96BEB-6BB0-4961-9D9C-D4D080A1546A}.Debug|x64.ActiveCfg = Debug|x64
		{91F96BEB-6BB0-4961-9D9C-D4D080A1546A}.Debug|x64.Build.0 = Debug|x64
		{91F96BEB-6BB0-4961-9D9C-D4D080A1546A}.Debug|x86.ActiveCfg = Debug|Win32
		{91F96BEB-6BB0-4961-9D9C-D4D080A1546A}.Debug|x86.Build.0 = Debug|Win32
		{91F96BEB-6BB0-4961-9D9C-D4D080A1546A}.Release|x64.ActiveCfg = Release|x64
		{91F96BEB-6BB0-4961-9D9C-D4D080A1546A}.Release|x64.Build.0 = Release|x64
		{91F96BEB-6BB0-4961-9D9C-D4D080A1546A}.Release|x86.ActiveCfg = Release|Win32
		{91F96BEB-6BB0-4961-9D9C-D4D080A1546A}.Release|x86.Build.0 = Release|Win32
		{67123397-D2D8-4248-BECD-B73C03062092}.Debug|x64.ActiveCfg = Debug|x64
		{67123397-D2D8-4248-BECD-B73C03062092}.Debug|x64.Build.0 = Debug|x64
		{67123397-D2D8-4248-BECD-B73C03062092}.Debug|x86.ActiveCfg = Debug|Win32
		{67123397-D2D8-4248-BECD-B73C03062092}.Debug|x86.Build.0 = Debug|Win32
		{67123397-D2D8-4248-BECD-B73C03062092}.Release|x64.ActiveCfg = Release|x64
		{67123397-D2D8-4248-BECD-B73C03062092}.Release|x64.Build.0 = Release|x64
		{67123397-D2D8-4248-BECD-B73C03062092}.Release|x86.ActiveCfg = Release|Win32
		{67123397-D2D8-4248-BECD-B73C03062092}.Release|x86.Build.0 = Release|Win32
		{8B3D971B-E8B4-4430-A0D4-7FCB165A14DD}.Debug|x64.ActiveCfg = Debug|x64
		{8B3D971B-E8B4-4430-A0D4-7FCB165A14DD}.Debug|x64.Build.0 = Debug|x64
		{8B3D971B-E8B4-4430-A0D4-7FCB165A14DD}.Debug|x86.ActiveCfg = Debug|Win32
		{8B3D971B-E8B4-4430-A0D4-7FCB165A14DD}.Debug|x86.Build.0 = Debug|Win32
		{8B3D971B-E8B4-4430-A0D4-7FCB165A14DD}.Release|x64.ActiveCfg = Release|x64
		{8B3D971B-E8B4-4430-A0D4-7FCB165A14DD}.Release|x64.Build.0 = Release|x64
		{8B3D971B-E8B4-4430-A0D4-7FCB165A14DD}.Release|x86.ActiveCfg = Release|Win32
		{8B3D971B-E8B4-4430-A0D4-7FCB165A14DD}.Release|x86.Build.0 = Release|Win32
		{E2F03CC3-5EF8-4F22-BB84-134E397B45AA}.Debug|x64.ActiveCfg = Debug|x64
		{E2F03CC3-5EF8-4F22-BB84-134E397B45AA}.Debug|x64.Build.0 = Debug|x64
		{E2F03CC3-5EF8-4F22-BB84-134E397B45AA}.Debug|x86.ActiveCfg = Debug|Win32
		{E2F03CC3-5EF8-4F22-BB84-134E397B45AA}.Debug|x86.Build.0 = Debug|Win32
		{E2F03CC3-5EF8-4F22-BB84-134E397B45AA}.Release|x64.ActiveCfg = Release|x64
		{E2F03CC3-5EF8-4F22-BB84-134E397B45AA}.Release|x64.Build.0 = Release|x64
		{E2F03CC3-5EF8-4F22-BB84-134E397B45AA}.Release|x86.ActiveCfg = Release|Win32
		{E2F03CC3-5EF8-4F22-BB84-134E397B45AA}.Release|x86.Build.0 = Release|Win32
		{955AA1BA-BAA8-4FC5-A034-CA9CC50435EA}.Debug|x64.ActiveCfg = Debug|x64
		{955AA1BA-BAA8-4FC5-A034-CA9CC50435EA}.Debug|x64.Build.0 = Debug|x64
		{955AA1BA-BAA8-4FC5-A034-CA9CC50435EA}.Debug|x86.ActiveCfg = Debug|Win32
		{955AA1BA-BAA8-4FC5-A034-CA9CC50435EA}.Debug|x86.Build.0 = Debug|Win32
		{955AA1BA-BAA8-4FC5-A034-CA9CC50435EA}.Release|x64.ActiveCfg = Release|x64
		{955AA1BA-BAA8-4FC5-A034-CA9CC50435EA}.Release|x64.Build.0 = Release|x64
		{955AA1BA-BAA8-4FC5-A034-CA9CC50435EA}.Release|x86.ActiveCfg = Release|Win32
		{955AA1BA-BAA8-4FC5-A034-CA9CC50435EA}.Release|x86.Build.0 = Release|Win32
		{2E4091B0-7A09-43E4-9217-705D250C358F}.Debug|x64.ActiveCfg = Debug|x64
		{2E4091B0-7A09-43E4-9217-705D250C358F}.Debug|x64.Build.0 = Debug|x64
		{2E4091B0-7A09-43E4-9217-705D250C358F}.Debug|x86.ActiveCfg = Debug|Win32
		{2E4091B0-7A09-43E4-9217-705D250C358F}.Debug|x86.Build.0 = Debug|Win32
		{2E4091B0-7A09-43E4-9217-705D250C358F}.Release|x64.ActiveCfg = Release|x64
		{2E4091B0-7A09-43E4-9217-705D250C358F}.Release|x64.Build.0 = Release|x64
		{2E4091B0-7A09-43E4-9217-705D250C358F}.Release|x86.ActiveCfg = Release|Win32
		{2E4091B0-7A09-43E4-9217-705D250C358F}.Release|x86.Build.0 = Release|Win32
		{DB4F8862-B1AD-41E8-84DD-26D676789114}.Debug|x64.ActiveCfg = Debug|x64
		{DB4F8862-B1AD-41E8-84DD-26D676789114}.Debug|x64.Build.0 = Debug|x64
		{DB4F8862-B1AD-41E8-84DD-26D676789114}.Debug|x86.ActiveCfg = Debug|Win32
		{DB4F8862-B1AD-41E8-84DD-26D676789114}.Debug|x86.Build.0 = Debug|Win32
		{DB4F8862-B1AD-41E8-84DD-26D676789114}.Release|x64.ActiveCfg = Release|x64
		{DB4F8862-B1AD-41E8-84DD-26D676789114}.Release|x64.Build.0 = Release|x64
		{DB4F8862-B1AD-41E8-84DD-26D676789114}.Release|x86.ActiveCfg = Release|Win32
		{DB4F8862-B1AD-41E8-84DD-26D676789114}.Release|x86.Build.0 = Release|Win32
		{EE8FA63B-3E04-4A0C-8DB7-E4D7041AA663}.Debug|x64.ActiveCfg = Debug|x64
		{EE8FA63B-3E04-4A0C-8DB7-E4D7041AA663}.Debug|x64.Build.0 = Debug|x64
		{EE8FA63B-3E04-4A0C-8DB7-E4D7041AA663}.Debug|x86.ActiveCfg = Debug|Win32
		{EE8FA63B-3E04-4A0C-8DB7-E4D7041AA663}.Debug|x86.Build.0 = Debug|Win32
		{EE8FA63B-3E04-4A0C-8DB7-E4D7041AA663}.Release|x64.ActiveCfg = Release|x64
		{EE8FA63B-3E04-4A0C-8DB7-E4D7041AA663}.Release|x64.Build.0 = Release|x64
		{EE8FA63B-3E04-4A0C-8DB7-E4D7041AA663}.Release|x86.ActiveCfg = Release|Win32
		{EE8FA63B-3E04-4A0C-8DB7-E4D7041AA663}.Release|x86.Build.0 = Release|Win32
		{37ACFF11-0E20-4ADE-8A09-0EDE49D4F1A1}.Debug|x64.ActiveCfg = Debug|x64
		{37ACFF11-0E20-4ADE-8A09-0EDE49D4F1A1}.Debug|x64.Build.0 = Debug|x64
		{37ACFF11-0E20-4ADE-8A09-0EDE49D4F1A1}.Debug|x86.ActiveCfg = Debug|Win32
		{37ACFF11-0E20-4ADE-8A09-0EDE49D4F1A1}.Debug|x86.Build.0 = Debug|Win32
		{37ACFF11-0E20-4ADE-8A09-0EDE49D4F1A1}.Release|x64.ActiveCfg = Release|x64
		{37ACFF11-0E20-4ADE-8A09-0EDE49D4F1A1}.Release|x64.Build.0 = Release|x64
		{37ACFF11-0E20-4ADE-8A09-0EDE49D4F1A1}.Release|x86.ActiveCfg = Release|Win32
		{37ACFF11-0E20-4ADE-8A09-0EDE49D4F1A1}.Release|x86.Build.0 = Release|Win32
		{10ED66B3-9C7D-453C-8324-8C6BA8528883}.Debug|x64.ActiveCfg = Debug|x64
		{10ED66B3-9C7D-453C-8324-8C6BA8528883}.Debug|x64.Build.0 = Debug|x64
		{10ED66B3-9C7D-453C-8324-8C6BA8528883}.Debug|x86.ActiveCfg = Debug|Win32
		{10ED66B3-9C7D-453C-8324-8C6BA8528883}.Debug|x86.Build.0 = Debug|Win32
		{10ED66B3-9C7D-453C-8324-8C6BA8528883}.Release|x64.ActiveCfg = Release|x64
		{10ED66B3-9C7D-453C-8324-8C6BA8528883}.Release|x64.Build.0 = Release|x64
		{10ED66B3-9C7D-453C-8324-8C6BA8528883}.Release|x86.ActiveCfg = Release|Win32
		{10ED66B3-9C7D-453C-8324-8C6BA8528883}.Release|x86.Build.0 = Release|Win32
		{A5048B86-DBB3-4286-B078-0D2265EDEB1A}.Debug|x64.ActiveCfg = Debug|x64
		{A5048B86-DBB3-4286-B078-0D2265EDEB1A}.Debug|x64.Build.0 = Debug|x64
		{A5048B86-DBB3-4286-B078-0D2265EDEB1A}.Debug|x86.ActiveCfg = Debug|Win32
		{A5048B86-DBB3-4286-B078-0D2265EDEB1A}.Debug|x86.Build.0 = Debug|Win32
		{A5048B86-DBB3-4286-B078-0D2265EDEB1A}.Release|x64.ActiveCfg = Release|x64
		{A5048B86-DBB3-4286-B078-0D2265EDEB1A}.Release|x64.Build.0 = Release|x64
		{A5048B86-DBB3-4286-B078-0D2265EDEB1A}.Release|x86.ActiveCfg = Release|Win32
		{A5048B86-DBB3-4286-B078-0D2265EDEB1A}.Release|x86.Build.0 = Release|Win32
	EndGlobalSection
	GlobalSection(SolutionProperties) = preSolution
		HideSolutionNode = FALSE
	EndGlobalSection
	GlobalSection(ExtensibilityGlobals) = postSolution
		SolutionGuid = {826C906A-6D93-4FE6-99A9-78B039CB134F}
	EndGlobalSection
EndGlobal
