
Microsoft Visual Studio Solution File, Format Version 12.00
# Visual Studio Version 16
VisualStudioVersion = 16.0.29306.81
MinimumVisualStudioVersion = 10.0.40219.1
Project("{8BC9CEB8-8B4A-11D0-8D11-00A0C91BC942}") = "HaNoiTower", "HaNoiTower\HaNoiTower.vcxproj", "{A1CC99F6-4891-4532-8505-3C3682195AB4}"
EndProject
Global
	GlobalSection(SolutionConfigurationPlatforms) = preSolution
		Debug|x64 = Debug|x64
		Debug|x86 = Debug|x86
		Release|x64 = Release|x64
		Release|x86 = Release|x86
	EndGlobalSection
	GlobalSection(ProjectConfigurationPlatforms) = postSolution
		{A1CC99F6-4891-4532-8505-3C3682195AB4}.Debug|x64.ActiveCfg = Debug|x64
		{A1CC99F6-4891-4532-8505-3C3682195AB4}.Debug|x64.Build.0 = Debug|x64
		{A1CC99F6-4891-4532-8505-3C3682195AB4}.Debug|x86.ActiveCfg = Debug|Win32
		{A1CC99F6-4891-4532-8505-3C3682195AB4}.Debug|x86.Build.0 = Debug|Win32
		{A1CC99F6-4891-4532-8505-3C3682195AB4}.Release|x64.ActiveCfg = Release|x64
		{A1CC99F6-4891-4532-8505-3C3682195AB4}.Release|x64.Build.0 = Release|x64
		{A1CC99F6-4891-4532-8505-3C3682195AB4}.Release|x86.ActiveCfg = Release|Win32
		{A1CC99F6-4891-4532-8505-3C3682195AB4}.Release|x86.Build.0 = Release|Win32
	EndGlobalSection
	GlobalSection(SolutionProperties) = preSolution
		HideSolutionNode = FALSE
	EndGlobalSection
	GlobalSection(ExtensibilityGlobals) = postSolution
		SolutionGuid = {C326D23B-3EFD-4061-AEF3-1EEC27070323}
	EndGlobalSection
EndGlobal
